{
  "version": "3",
  "packages": {
    "specifiers": {
      "jsr:@b-fuze/deno-dom@^0.1.47": "jsr:@b-fuze/deno-dom@0.1.47",
      "jsr:@std/collections@^1.0.4": "jsr:@std/collections@1.0.5",
      "jsr:@std/front-matter@^1.0.0": "jsr:@std/front-matter@1.0.0",
      "jsr:@std/fs@^1.0.0": "jsr:@std/fs@1.0.0",
      "jsr:@std/path@^1.0.0": "jsr:@std/path@1.0.2",
      "jsr:@std/path@^1.0.2": "jsr:@std/path@1.0.2",
      "jsr:@std/toml@^1.0.0": "jsr:@std/toml@1.0.0",
      "jsr:@std/yaml@^1.0.0": "jsr:@std/yaml@1.0.0"
    },
    "jsr": {
      "@b-fuze/deno-dom@0.1.47": {
        "integrity": "270a888de91329f8ce3849211ece0ad97ce1e8b9a8a774f2bed2f43c8b0ffe8e"
      },
      "@std/collections@1.0.5": {
        "integrity": "ab9eac23b57a0c0b89ba45134e61561f69f3d001f37235a248ed40be260c0c10"
      },
      "@std/front-matter@1.0.0": {
        "integrity": "8616ac9fec252fa36d2af034c3fc166f642b7a721995eb61a33002a6fd176e2c",
        "dependencies": [
          "jsr:@std/toml@^1.0.0",
          "jsr:@std/yaml@^1.0.0"
        ]
      },
      "@std/fs@1.0.0": {
        "integrity": "d72e4a125af7168d717a2ed1dca77a728b422b0d138fd20579e3fa41a77da943",
        "dependencies": [
          "jsr:@std/path@^1.0.2"
        ]
      },
      "@std/path@1.0.2": {
        "integrity": "a452174603f8c620bd278a380c596437a9eef50c891c64b85812f735245d9ec7"
      },
      "@std/toml@1.0.0": {
        "integrity": "c9e37564eedd84084871c66238e00196ec67aa958e09a7f761b3f36273a7a8a5",
        "dependencies": [
          "jsr:@std/collections@^1.0.4"
        ]
      },
      "@std/yaml@1.0.0": {
        "integrity": "06635c312121ee779e9eef4e9f49c1a26003b15da9ed1178037ccb91dc3a5129"
      }
    }
  },
  "remote": {
    "https://esm.sh/v135/character-entities@2.0.2/denonext/character-entities.mjs": "9e8657f056310ac3ca8058eaf96cef695ee13a4bf6c302674796a882464f305c",
    "https://esm.sh/v135/decode-named-character-reference@1.0.2/denonext/decode-named-character-reference.mjs": "1a5a8f9cbe302be478e964ab701be8644dbdfd4d8ce9f14de186cf84ee2a4bc1",
    "https://esm.sh/v135/feather-icons@4.29.2/denonext/feather-icons.mjs": "0cd2ead17a226b1610bb19b6b1380f43b298c231d5690eb245126e48a2c3d5ad",
    "https://esm.sh/v135/feed@4.2.2": "1a5822737d59ad06c741504c67eba07c68b582799b6b4609f17824cd5a3dcfe0",
    "https://esm.sh/v135/feed@4.2.2/denonext/feed.mjs": "d6dc8357b3e9474bb21a6b339b9c1d311ce389c5971be2235945d267563a6dc3",
    "https://esm.sh/v135/jsonresume-theme-even@0.22.0": "e23ebd6a071ea9c82b0dcbeb9e0e6a4989d898d07c3e4eb5f09ffc73cda60a52",
    "https://esm.sh/v135/jsonresume-theme-even@0.22.0/denonext/jsonresume-theme-even.mjs": "bc968c8837bfc2bcc8f6d9dc8e188994a9b3ac14037a5524aa99af235ba589a3",
    "https://esm.sh/v135/micromark-core-commonmark@2.0.0/denonext/micromark-core-commonmark.mjs": "29686a813f2fa7fc1801c9c6142f71e32e605e6cf8bb8a9afeab78c814f0216c",
    "https://esm.sh/v135/micromark-extension-gfm-autolink-literal@2.0.0/denonext/micromark-extension-gfm-autolink-literal.mjs": "3fee7a2d71d4a3ae46f0a7eeea45fb171e32e70a84d79dbe4602d0aad3ac6e51",
    "https://esm.sh/v135/micromark-extension-gfm-footnote@2.0.0/denonext/micromark-extension-gfm-footnote.mjs": "921d1bb352c7cff04be54613f5e5cce410a905ff8d70962604f6900cee46aefd",
    "https://esm.sh/v135/micromark-extension-gfm-strikethrough@2.0.0/denonext/micromark-extension-gfm-strikethrough.mjs": "acb141db23ac60d397308c959dcf595dda45357d74367103bdeb5ec01882d4d4",
    "https://esm.sh/v135/micromark-extension-gfm-table@2.0.0/denonext/micromark-extension-gfm-table.mjs": "eca8d545020ef80da88feb948fc626b6a902fc5a487481ba15deb42bbb2e075b",
    "https://esm.sh/v135/micromark-extension-gfm-tagfilter@2.0.0/denonext/micromark-extension-gfm-tagfilter.mjs": "6e6faebfc624e00c5af52026393372174a7415aab2bc1d7cc16f2541f2977ba3",
    "https://esm.sh/v135/micromark-extension-gfm-task-list-item@2.0.1/denonext/micromark-extension-gfm-task-list-item.mjs": "575d12647ea051e013593a551391a854e5b4dd69d6c594b20d8ec2a46fbbd7a1",
    "https://esm.sh/v135/micromark-extension-gfm@3.0.0": "7a25f597838e5849b3f542c9973c1147720cf0669d25d5c43ce37f2524acb079",
    "https://esm.sh/v135/micromark-extension-gfm@3.0.0/denonext/micromark-extension-gfm.mjs": "eaa65f2159d1e1eb993fec61d40c79ef55068d6fa8da92bbfa34259d10011112",
    "https://esm.sh/v135/micromark-factory-destination@2.0.0/denonext/micromark-factory-destination.mjs": "84dadab4182836ff8c4437e9a384a6e3488496848641c9868334d8a6b7658331",
    "https://esm.sh/v135/micromark-factory-label@2.0.0/denonext/micromark-factory-label.mjs": "0d4877dbb95c2bf635d48d8d44a243ab0c6830f68c76289c9d92730871b88170",
    "https://esm.sh/v135/micromark-factory-space@2.0.0/denonext/micromark-factory-space.mjs": "1ac7c90dec53f7f634767c5470c2dcf204f4df99ec318a27832786153d5c8110",
    "https://esm.sh/v135/micromark-factory-title@2.0.0/denonext/micromark-factory-title.mjs": "1b202816c09c57894c8e254962ffbd8ad559439b0eb90ff0eca743f0dbfff470",
    "https://esm.sh/v135/micromark-factory-whitespace@2.0.0/denonext/micromark-factory-whitespace.mjs": "f85efacaec053453a9445b4147d2fb7ce02c1d083f0b0da9a730a112ff934d9e",
    "https://esm.sh/v135/micromark-util-character@2.0.1/denonext/micromark-util-character.mjs": "18b451d148e1ccc3a9b18e5c4061d44a0485e8ec65ad805d20b2950a51c7213b",
    "https://esm.sh/v135/micromark-util-chunked@2.0.0/denonext/micromark-util-chunked.mjs": "531cf323ba53649fdc30cd39ebba54253dfd847a4b23f806058ecc6cf67bca69",
    "https://esm.sh/v135/micromark-util-classify-character@2.0.0/denonext/micromark-util-classify-character.mjs": "7e78c1341df2227c29cf5125c17f29bec3887bf8a3178476e129740271bdbd96",
    "https://esm.sh/v135/micromark-util-combine-extensions@2.0.0/denonext/micromark-util-combine-extensions.mjs": "68268c6cb6119bc8b0865156e81a360a3b94cd73bddbb9a2a33eda627e51573a",
    "https://esm.sh/v135/micromark-util-decode-numeric-character-reference@2.0.1/denonext/micromark-util-decode-numeric-character-reference.mjs": "284addb1c2303e02ca074d6a5e529c8c9c3cdb58b6815669e2ec65a2f717cf28",
    "https://esm.sh/v135/micromark-util-encode@2.0.0/denonext/micromark-util-encode.mjs": "6077703d774b2fd968ef53977add5d5d1e39ca0db74c5ee4359c540a5febcf48",
    "https://esm.sh/v135/micromark-util-html-tag-name@2.0.0/denonext/micromark-util-html-tag-name.mjs": "a32f6a4aa82498405a88103fd5b0b2e27a8c7f27dc506862f993bf1a1f1716b6",
    "https://esm.sh/v135/micromark-util-normalize-identifier@2.0.0/denonext/micromark-util-normalize-identifier.mjs": "f5b933ea50544d63e505ef11b7f257b97c5056e06417bac15ec02d3f00174c0e",
    "https://esm.sh/v135/micromark-util-resolve-all@2.0.0/denonext/micromark-util-resolve-all.mjs": "c11d87d63d808a26231323012295490931159830a66c00854693ec9279fa09fd",
    "https://esm.sh/v135/micromark-util-sanitize-uri@2.0.0/denonext/micromark-util-sanitize-uri.mjs": "cde22cced5a18a41dcdacbad2cc9e6fc930450118bff7dd764e60eea4aa6c5b5",
    "https://esm.sh/v135/micromark-util-subtokenize@2.0.0/denonext/micromark-util-subtokenize.mjs": "670326123b1f9d91218cee035248437b97e5b6828f1d1eb01d40bc46f89bdc64",
    "https://esm.sh/v135/micromark@2.11.4/denonext/micromark.mjs": "f545053d96855cd620be189ffd0064ccf70f90fc4c151abd4f518efbb2abb5ed",
    "https://esm.sh/v135/micromark@4.0.0": "caad3cf8d257301f26f48d2cc53267370f2f7108e98e1e75e93f411a9ec766eb",
    "https://esm.sh/v135/micromark@4.0.0/denonext/micromark.mjs": "dc73ed793c5bbc49ad7201a326fc724d08bc94372a291c184167b22c4edc320d",
    "https://esm.sh/v135/parse-entities@2.0.0/denonext/decode-entity.js": "193300a4461d08de50cc96c04f487472c9489932d3f751ab8c6d141b5b05ab45",
    "https://esm.sh/v135/sax@1.3.0/denonext/sax.mjs": "9bc4584a87fa83f1ce8bd60ddda5864b3bc7895ef6f751a818d2aa0f7a426505",
    "https://esm.sh/v135/striptags@3.2.0/denonext/striptags.mjs": "e2bac36d39ad6c443acc519faba632a18bf2946d8db565e93f2d738bcaa559c3",
    "https://esm.sh/v135/xml-js@1.6.11/denonext/xml-js.mjs": "9d1e9b85bc3e74ef2327bf96800e0d752bcd0f55b323a2a6a5ca969624390e8c"
  },
  "workspace": {
    "dependencies": [
      "jsr:@b-fuze/deno-dom@^0.1.47",
      "jsr:@std/front-matter@^1.0.0",
      "jsr:@std/fs@^1.0.0",
      "jsr:@std/path@^1.0.0"
    ]
  }
}
